PODS:
  - bonsoir_darwin (0.0.1):
    - Flutter
    - FlutterMacOS
  - Flutter (1.0.0)

DEPENDENCIES:
  - bonsoir_darwin (from `.symlinks/plugins/bonsoir_darwin/darwin`)
  - Flutter (from `Flutter`)

EXTERNAL SOURCES:
  bonsoir_darwin:
    :path: ".symlinks/plugins/bonsoir_darwin/darwin"
  Flutter:
    :path: Flutter

SPEC CHECKSUMS:
  bonsoir_darwin: e3b8526c42ca46a885142df84229131dfabea842
  Flutter: cabc95a1d2626b1b06e7179b784ebcf0c0cde467

PODFILE CHECKSUM: 3c63482e143d1b91d2d2560aee9fb04ecc74ac7e

COCOAPODS: 1.16.2
